// !$*UTF8*$!
{
	archiveVersion = 1;
	classes = {
	};
	objectVersion = 50;
	objects = {

/* Begin PBXBuildFile section */
		EF18B0FF26A397F5000D157C /* AppDelegate.swift in Sources */ = {isa = PBXBuildFile; fileRef = EF18B0FE26A397F5000D157C /* AppDelegate.swift */; };
		EF18B10126A397F5000D157C /* SceneDelegate.swift in Sources */ = {isa = PBXBuildFile; fileRef = EF18B10026A397F5000D157C /* SceneDelegate.swift */; };
		EF18B10326A397F5000D157C /* ContentView.swift in Sources */ = {isa = PBXBuildFile; fileRef = EF18B10226A397F5000D157C /* ContentView.swift */; };
		EF18B10526A397F7000D157C /* Assets.xcassets in Resources */ = {isa = PBXBuildFile; fileRef = EF18B10426A397F7000D157C /* Assets.xcassets */; };
		EF18B10826A397F7000D157C /* Preview Assets.xcassets in Resources */ = {isa = PBXBuildFile; fileRef = EF18B10726A397F7000D157C /* Preview Assets.xcassets */; };
		EF18B10B26A397F7000D157C /* LaunchScreen.storyboard in Resources */ = {isa = PBXBuildFile; fileRef = EF18B10926A397F7000D157C /* LaunchScreen.storyboard */; };
		EF18B11326A39D92000D157C /* get_kernel_attribs.metal in Sources */ = {isa = PBXBuildFile; fileRef = EF18B11226A39D92000D157C /* get_kernel_attribs.metal */; };
		EF18B11526A39EBB000D157C /* MetalAttribs.swift in Sources */ = {isa = PBXBuildFile; fileRef = EF18B11426A39EBB000D157C /* MetalAttribs.swift */; };
/* End PBXBuildFile section */

/* Begin PBXFileReference section */
		EF18B0FB26A397F5000D157C /* MetalComputeAttribs.app */ = {isa = PBXFileReference; explicitFileType = wrapper.application; includeInIndex = 0; path = MetalComputeAttribs.app; sourceTree = BUILT_PRODUCTS_DIR; };
		EF18B0FE26A397F5000D157C /* AppDelegate.swift */ = {isa = PBXFileReference; lastKnownFileType = sourcecode.swift; path = AppDelegate.swift; sourceTree = "<group>"; };
		EF18B10026A397F5000D157C /* SceneDelegate.swift */ = {isa = PBXFileReference; lastKnownFileType = sourcecode.swift; path = SceneDelegate.swift; sourceTree = "<group>"; };
		EF18B10226A397F5000D157C /* ContentView.swift */ = {isa = PBXFileReference; lastKnownFileType = sourcecode.swift; path = ContentView.swift; sourceTree = "<group>"; };
		EF18B10426A397F7000D157C /* Assets.xcassets */ = {isa = PBXFileReference; lastKnownFileType = folder.assetcatalog; path = Assets.xcassets; sourceTree = "<group>"; };
		EF18B10726A397F7000D157C /* Preview Assets.xcassets */ = {isa = PBXFileReference; lastKnownFileType = folder.assetcatalog; path = "Preview Assets.xcassets"; sourceTree = "<group>"; };
		EF18B10A26A397F7000D157C /* Base */ = {isa = PBXFileReference; lastKnownFileType = file.storyboard; name = Base; path = Base.lproj/LaunchScreen.storyboard; sourceTree = "<group>"; };
		EF18B10C26A397F7000D157C /* Info.plist */ = {isa = PBXFileReference; lastKnownFileType = text.plist.xml; path = Info.plist; sourceTree = "<group>"; };
		EF18B11226A39D92000D157C /* get_kernel_attribs.metal */ = {isa = PBXFileReference; lastKnownFileType = sourcecode.metal; path = get_kernel_attribs.metal; sourceTree = "<group>"; };
		EF18B11426A39EBB000D157C /* MetalAttribs.swift */ = {isa = PBXFileReference; lastKnownFileType = sourcecode.swift; path = MetalAttribs.swift; sourceTree = "<group>"; };
/* End PBXFileReference section */

/* Begin PBXFrameworksBuildPhase section */
		EF18B0F826A397F5000D157C /* Frameworks */ = {
			isa = PBXFrameworksBuildPhase;
			buildActionMask = 2147483647;
			files = (
			);
			runOnlyForDeploymentPostprocessing = 0;
		};
/* End PBXFrameworksBuildPhase section */

/* Begin PBXGroup section */
		EF18B0F226A397F5000D157C = {
			isa = PBXGroup;
			children = (
				EF18B0FD26A397F5000D157C /* MetalComputeAttribs */,
				EF18B0FC26A397F5000D157C /* Products */,
			);
			sourceTree = "<group>";
		};
		EF18B0FC26A397F5000D157C /* Products */ = {
			isa = PBXGroup;
			children = (
				EF18B0FB26A397F5000D157C /* MetalComputeAttribs.app */,
			);
			name = Products;
			sourceTree = "<group>";
		};
		EF18B0FD26A397F5000D157C /* MetalComputeAttribs */ = {
			isa = PBXGroup;
			children = (
				EF18B0FE26A397F5000D157C /* AppDelegate.swift */,
				EF18B10026A397F5000D157C /* SceneDelegate.swift */,
				EF18B10226A397F5000D157C /* ContentView.swift */,
				EF18B10426A397F7000D157C /* Assets.xcassets */,
				EF18B10926A397F7000D157C /* LaunchScreen.storyboard */,
				EF18B10C26A397F7000D157C /* Info.plist */,
				EF18B10626A397F7000D157C /* Preview Content */,
				EF18B11226A39D92000D157C /* get_kernel_attribs.metal */,
				EF18B11426A39EBB000D157C /* MetalAttribs.swift */,
			);
			path = MetalComputeAttribs;
			sourceTree = "<group>";
		};
		EF18B10626A397F7000D157C /* Preview Content */ = {
			isa = PBXGroup;
			children = (
				EF18B10726A397F7000D157C /* Preview Assets.xcassets */,
			);
			path = "Preview Content";
			sourceTree = "<group>";
		};
/* End PBXGroup section */

/* Begin PBXNativeTarget section */
		EF18B0FA26A397F5000D157C /* MetalComputeAttribs */ = {
			isa = PBXNativeTarget;
			buildConfigurationList = EF18B10F26A397F7000D157C /* Build configuration list for PBXNativeTarget "MetalComputeAttribs" */;
			buildPhases = (
				EF18B0F726A397F5000D157C /* Sources */,
				EF18B0F826A397F5000D157C /* Frameworks */,
				EF18B0F926A397F5000D157C /* Resources */,
			);
			buildRules = (
			);
			dependencies = (
			);
			name = MetalComputeAttribs;
			productName = MetalComputerAttribs;
			productReference = EF18B0FB26A397F5000D157C /* MetalComputeAttribs.app */;
			productType = "com.apple.product-type.application";
		};
/* End PBXNativeTarget section */

/* Begin PBXProject section */
		EF18B0F326A397F5000D157C /* Project object */ = {
			isa = PBXProject;
			attributes = {
				LastSwiftUpdateCheck = 1250;
				LastUpgradeCheck = 1250;
				TargetAttributes = {
					EF18B0FA26A397F5000D157C = {
						CreatedOnToolsVersion = 12.5.1;
					};
				};
			};
			buildConfigurationList = EF18B0F626A397F5000D157C /* Build configuration list for PBXProject "MetalComputeAttribs" */;
			compatibilityVersion = "Xcode 9.3";
			developmentRegion = en;
			hasScannedForEncodings = 0;
			knownRegions = (
				en,
				Base,
			);
			mainGroup = EF18B0F226A397F5000D157C;
			productRefGroup = EF18B0FC26A397F5000D157C /* Products */;
			projectDirPath = "";
			projectRoot = "";
			targets = (
				EF18B0FA26A397F5000D157C /* MetalComputeAttribs */,
			);
		};
/* End PBXProject section */

/* Begin PBXResourcesBuildPhase section */
		EF18B0F926A397F5000D157C /* Resources */ = {
			isa = PBXResourcesBuildPhase;
			buildActionMask = 2147483647;
			files = (
				EF18B10B26A397F7000D157C /* LaunchScreen.storyboard in Resources */,
				EF18B10826A397F7000D157C /* Preview Assets.xcassets in Resources */,
				EF18B10526A397F7000D157C /* Assets.xcassets in Resources */,
			);
			runOnlyForDeploymentPostprocessing = 0;
		};
/* End PBXResourcesBuildPhase section */

/* Begin PBXSourcesBuildPhase section */
		EF18B0F726A397F5000D157C /* Sources */ = {
			isa = PBXSourcesBuildPhase;
			buildActionMask = 2147483647;
			files = (
				EF18B11326A39D92000D157C /* get_kernel_attribs.metal in Sources */,
				EF18B0FF26A397F5000D157C /* AppDelegate.swift in Sources */,
				EF18B11526A39EBB000D157C /* MetalAttribs.swift in Sources */,
				EF18B10126A397F5000D157C /* SceneDelegate.swift in Sources */,
				EF18B10326A397F5000D157C /* ContentView.swift in Sources */,
			);
			runOnlyForDeploymentPostprocessing = 0;
		};
/* End PBXSourcesBuildPhase section */

/* Begin PBXVariantGroup section */
		EF18B10926A397F7000D157C /* LaunchScreen.storyboard */ = {
			isa = PBXVariantGroup;
			children = (
				EF18B10A26A397F7000D157C /* Base */,
			);
			name = LaunchScreen.storyboard;
			sourceTree = "<group>";
		};
/* End PBXVariantGroup section */

/* Begin XCBuildConfiguration section */
		EF18B10D26A397F7000D157C /* Debug */ = {
			isa = XCBuildConfiguration;
			buildSettings = {
				ALWAYS_SEARCH_USER_PATHS = NO;
				CLANG_ANALYZER_NONNULL = YES;
				CLANG_ANALYZER_NUMBER_OBJECT_CONVERSION = YES_AGGRESSIVE;
				CLANG_CXX_LANGUAGE_STANDARD = "gnu++14";
				CLANG_CXX_LIBRARY = "libc++";
				CLANG_ENABLE_MODULES = YES;
				CLANG_ENABLE_OBJC_ARC = YES;
				CLANG_ENABLE_OBJC_WEAK = YES;
				CLANG_WARN_BLOCK_CAPTURE_AUTORELEASING = YES;
				CLANG_WARN_BOOL_CONVERSION = YES;
				CLANG_WARN_COMMA = YES;
				CLANG_WARN_CONSTANT_CONVERSION = YES;
				CLANG_WARN_DEPRECATED_OBJC_IMPLEMENTATIONS = YES;
				CLANG_WARN_DIRECT_OBJC_ISA_USAGE = YES_ERROR;
				CLANG_WARN_DOCUMENTATION_COMMENTS = YES;
				CLANG_WARN_EMPTY_BODY = YES;
				CLANG_WARN_ENUM_CONVERSION = YES;
				CLANG_WARN_INFINITE_RECURSION = YES;
				CLANG_WARN_INT_CONVERSION = YES;
				CLANG_WARN_NON_LITERAL_NULL_CONVERSION = YES;
				CLANG_WARN_OBJC_IMPLICIT_RETAIN_SELF = YES;
				CLANG_WARN_OBJC_LITERAL_CONVERSION = YES;
				CLANG_WARN_OBJC_ROOT_CLASS = YES_ERROR;
				CLANG_WARN_QUOTED_INCLUDE_IN_FRAMEWORK_HEADER = YES;
				CLANG_WARN_RANGE_LOOP_ANALYSIS = YES;
				CLANG_WARN_STRICT_PROTOTYPES = YES;
				CLANG_WARN_SUSPICIOUS_MOVE = YES;
				CLANG_WARN_UNGUARDED_AVAILABILITY = YES_AGGRESSIVE;
				CLANG_WARN_UNREACHABLE_CODE = YES;
				CLANG_WARN__DUPLICATE_METHOD_MATCH = YES;
				COPY_PHASE_STRIP = NO;
				DEBUG_INFORMATION_FORMAT = dwarf;
				ENABLE_STRICT_OBJC_MSGSEND = YES;
				ENABLE_TESTABILITY = YES;
				GCC_C_LANGUAGE_STANDARD = gnu11;
				GCC_DYNAMIC_NO_PIC = NO;
				GCC_NO_COMMON_BLOCKS = YES;
				GCC_OPTIMIZATION_LEVEL = 0;
				GCC_PREPROCESSOR_DEFINITIONS = (
					"DEBUG=1",
					"$(inherited)",
				);
				GCC_WARN_64_TO_32_BIT_CONVERSION = YES;
				GCC_WARN_ABOUT_RETURN_TYPE = YES_ERROR;
				GCC_WARN_UNDECLARED_SELECTOR = YES;
				GCC_WARN_UNINITIALIZED_AUTOS = YES_AGGRESSIVE;
				GCC_WARN_UNUSED_FUNCTION = YES;
				GCC_WARN_UNUSED_VARIABLE = YES;
				IPHONEOS_DEPLOYMENT_TARGET = 14.5;
				MTL_ENABLE_DEBUG_INFO = INCLUDE_SOURCE;
				MTL_FAST_MATH = YES;
				ONLY_ACTIVE_ARCH = YES;
				SDKROOT = iphoneos;
				SWIFT_ACTIVE_COMPILATION_CONDITIONS = DEBUG;
				SWIFT_OPTIMIZATION_LEVEL = "-Onone";
			};
			name = Debug;
		};
		EF18B10E26A397F7000D157C /* Release */ = {
			isa = XCBuildConfiguration;
			buildSettings = {
				ALWAYS_SEARCH_USER_PATHS = NO;
				CLANG_ANALYZER_NONNULL = YES;
				CLANG_ANALYZER_NUMBER_OBJECT_CONVERSION = YES_AGGRESSIVE;
				CLANG_CXX_LANGUAGE_STANDARD = "gnu++14";
				CLANG_CXX_LIBRARY = "libc++";
				CLANG_ENABLE_MODULES = YES;
				CLANG_ENABLE_OBJC_ARC = YES;
				CLANG_ENABLE_OBJC_WEAK = YES;
				CLANG_WARN_BLOCK_CAPTURE_AUTORELEASING = YES;
				CLANG_WARN_BOOL_CONVERSION = YES;
				CLANG_WARN_COMMA = YES;
				CLANG_WARN_CONSTANT_CONVERSION = YES;
				CLANG_WARN_DEPRECATED_OBJC_IMPLEMENTATIONS = YES;
				CLANG_WARN_DIRECT_OBJC_ISA_USAGE = YES_ERROR;
				CLANG_WARN_DOCUMENTATION_COMMENTS = YES;
				CLANG_WARN_EMPTY_BODY = YES;
				CLANG_WARN_ENUM_CONVERSION = YES;
				CLANG_WARN_INFINITE_RECURSION = YES;
				CLANG_WARN_INT_CONVERSION = YES;
				CLANG_WARN_NON_LITERAL_NULL_CONVERSION = YES;
				CLANG_WARN_OBJC_IMPLICIT_RETAIN_SELF = YES;
				CLANG_WARN_OBJC_LITERAL_CONVERSION = YES;
				CLANG_WARN_OBJC_ROOT_CLASS = YES_ERROR;
				CLANG_WARN_QUOTED_INCLUDE_IN_FRAMEWORK_HEADER = YES;
				CLANG_WARN_RANGE_LOOP_ANALYSIS = YES;
				CLANG_WARN_STRICT_PROTOTYPES = YES;
				CLANG_WARN_SUSPICIOUS_MOVE = YES;
				CLANG_WARN_UNGUARDED_AVAILABILITY = YES_AGGRESSIVE;
				CLANG_WARN_UNREACHABLE_CODE = YES;
				CLANG_WARN__DUPLICATE_METHOD_MATCH = YES;
				COPY_PHASE_STRIP = NO;
				DEBUG_INFORMATION_FORMAT = "dwarf-with-dsym";
				ENABLE_NS_ASSERTIONS = NO;
				ENABLE_STRICT_OBJC_MSGSEND = YES;
				GCC_C_LANGUAGE_STANDARD = gnu11;
				GCC_NO_COMMON_BLOCKS = YES;
				GCC_WARN_64_TO_32_BIT_CONVERSION = YES;
				GCC_WARN_ABOUT_RETURN_TYPE = YES_ERROR;
				GCC_WARN_UNDECLARED_SELECTOR = YES;
				GCC_WARN_UNINITIALIZED_AUTOS = YES_AGGRESSIVE;
				GCC_WARN_UNUSED_FUNCTION = YES;
				GCC_WARN_UNUSED_VARIABLE = YES;
				IPHONEOS_DEPLOYMENT_TARGET = 14.5;
				MTL_ENABLE_DEBUG_INFO = NO;
				MTL_FAST_MATH = YES;
				SDKROOT = iphoneos;
				SWIFT_COMPILATION_MODE = wholemodule;
				SWIFT_OPTIMIZATION_LEVEL = "-O";
				VALIDATE_PRODUCT = YES;
			};
			name = Release;
		};
		EF18B11026A397F7000D157C /* Debug */ = {
			isa = XCBuildConfiguration;
			buildSettings = {
				ASSETCATALOG_COMPILER_APPICON_NAME = AppIcon;
				ASSETCATALOG_COMPILER_GLOBAL_ACCENT_COLOR_NAME = AccentColor;
				CODE_SIGN_STYLE = Automatic;
				DEVELOPMENT_ASSET_PATHS = "\"MetalComputeAttribs/Preview Content\"";
				DEVELOPMENT_TEAM = 64SMH392EJ;
				ENABLE_PREVIEWS = YES;
				INFOPLIST_FILE = MetalComputeAttribs/Info.plist;
				LD_RUNPATH_SEARCH_PATHS = (
					"$(inherited)",
					"@executable_path/Frameworks",
				);
				PRODUCT_BUNDLE_IDENTIFIER = sho.MetalComputerAttribs;
				PRODUCT_NAME = "$(TARGET_NAME)";
				SWIFT_VERSION = 5.0;
				TARGETED_DEVICE_FAMILY = "1,2";
			};
			name = Debug;
		};
		EF18B11126A397F7000D157C /* Release */ = {
			isa = XCBuildConfiguration;
			buildSettings = {
				ASSETCATALOG_COMPILER_APPICON_NAME = AppIcon;
				ASSETCATALOG_COMPILER_GLOBAL_ACCENT_COLOR_NAME = AccentColor;
				CODE_SIGN_STYLE = Automatic;
				DEVELOPMENT_ASSET_PATHS = "\"MetalComputeAttribs/Preview Content\"";
				DEVELOPMENT_TEAM = 64SMH392EJ;
				ENABLE_PREVIEWS = YES;
				INFOPLIST_FILE = MetalComputeAttribs/Info.plist;
				LD_RUNPATH_SEARCH_PATHS = (
					"$(inherited)",
					"@executable_path/Frameworks",
				);
				PRODUCT_BUNDLE_IDENTIFIER = sho.MetalComputerAttribs;
				PRODUCT_NAME = "$(TARGET_NAME)";
				SWIFT_VERSION = 5.0;
				TARGETED_DEVICE_FAMILY = "1,2";
			};
			name = Release;
		};
/* End XCBuildConfiguration section */

/* Begin XCConfigurationList section */
		EF18B0F626A397F5000D157C /* Build configuration list for PBXProject "MetalComputeAttribs" */ = {
			isa = XCConfigurationList;
			buildConfigurations = (
				EF18B10D26A397F7000D157C /* Debug */,
				EF18B10E26A397F7000D157C /* Release */,
			);
			defaultConfigurationIsVisible = 0;
			defaultConfigurationName = Release;
		};
		EF18B10F26A397F7000D157C /* Build configuration list for PBXNativeTarget "MetalComputeAttribs" */ = {
			isa = XCConfigurationList;
			buildConfigurations = (
				EF18B11026A397F7000D157C /* Debug */,
				EF18B11126A397F7000D157C /* Release */,
			);
			defaultConfigurationIsVisible = 0;
			defaultConfigurationName = Release;
		};
/* End XCConfigurationList section */
	};
	rootObject = EF18B0F326A397F5000D157C /* Project object */;
}
